
Microsoft Visual Studio Solution File, Format Version 12.00
# Visual Studio Version 16
VisualStudioVersion = 16.0.31129.286
MinimumVisualStudioVersion = 10.0.40219.1
Project("{FAE04EC0-301F-11D3-BF4B-00C04F79EFBC}") = "ShadowMapping", "ShadowMapping.csproj", "{1E6C7B12-16B5-44AE-A717-151EB34C383A}"
EndProject
Global
	GlobalSection(SolutionConfigurationPlatforms) = preSolution
		Debug|Any CPU = Debug|Any CPU
		Release|Any CPU = Release|Any CPU
	EndGlobalSection
	GlobalSection(ProjectConfigurationPlatforms) = postSolution
		{1E6C7B12-16B5-44AE-A717-151EB34C383A}.Debug|Any CPU.ActiveCfg = Debug|Any CPU
		{1E6C7B12-16B5-44AE-A717-151EB34C383A}.Debug|Any CPU.Build.0 = Debug|Any CPU
		{1E6C7B12-16B5-44AE-A717-151EB34C383A}.Release|Any CPU.ActiveCfg = Release|Any CPU
		{1E6C7B12-16B5-44AE-A717-151EB34C383A}.Release|Any CPU.Build.0 = Release|Any CPU
	EndGlobalSection
	GlobalSection(SolutionProperties) = preSolution
		HideSolutionNode = FALSE
	EndGlobalSection
	GlobalSection(ExtensibilityGlobals) = postSolution
		SolutionGuid = {5A10B38B-E8AE-4C8E-B415-FC45FD2F1037}
	EndGlobalSection
EndGlobal
